<?xml version="1.0" encoding="utf-8"?>
<Project ToolsVersion="4.0" xmlns="http://schemas.microsoft.com/developer/msbuild/2003">
  <ItemGroup>
    <Filter Include="Source Files">
      <UniqueIdentifier>{4FC737F1-C7A5-4376-A066-2A32D752A2FF}</UniqueIdentifier>
      <Extensions>cpp;c;cc;cxx</Extensions>
    </Filter>
    <Filter Include="Header Files">
      <UniqueIdentifier>{93995380-89BD-4b04-88EB-625FBE52EBFB}</UniqueIdentifier>
      <Extensions>h;hpp;hxx</Extensions>
    </Filter>
    <Filter Include="Resource Files">
      <UniqueIdentifier>{67DA6AB6-F800-4c08-8B7A-83BB121AAD01}</UniqueIdentifier>
      <Extensions>rc;ico;tga</Extensions>
    </Filter>
  </ItemGroup>
  <ItemGroup>
    <ClCompile Include="cursor.cpp"><Filter>Source Files</Filter></ClCompile>
    <ClCompile Include="DrawUtils.cpp"><Filter>Source Files</Filter></ClCompile>
    <ClCompile Include="gui.cpp"><Filter>Source Files</Filter></ClCompile>
    <ClCompile Include="hit.cpp"><Filter>Source Files</Filter></ClCompile>
    <ClCompile Include="hud.cpp"><Filter>Source Files</Filter></ClCompile>
    <ClCompile Include="keystates.cpp"><Filter>Source Files</Filter></ClCompile>
    <ClCompile Include="main.cpp"><Filter>Source Files</Filter></ClCompile>
    <ClCompile Include="Selection.cpp"><Filter>Source Files</Filter></ClCompile>
    <ClCompile Include="sprite.cpp"><Filter>Source Files</Filter></ClCompile>
    <ClCompile Include="stats.cpp"><Filter>Source Files</Filter></ClCompile>
    <ClCompile Include="TextBlock.cpp"><Filter>Source Files</Filter></ClCompile>
    <ClCompile Include="TextWriter.cpp"><Filter>Source Files</Filter></ClCompile>
  </ItemGroup>
  <ItemGroup>
    <ClInclude Include="AABB.h"><Filter>Header Files</Filter></ClInclude>
    <ClInclude Include="AnimationData.h"><Filter>Header Files</Filter></ClInclude>
    <ClInclude Include="AnimFrameData.h"><Filter>Header Files</Filter></ClInclude>
    <ClInclude Include="cursor.h"><Filter>Header Files</Filter></ClInclude>
    <ClInclude Include="DrawUtils.h"><Filter>Header Files</Filter></ClInclude>
    <ClInclude Include="game_data.h"><Filter>Header Files</Filter></ClInclude>
    <ClInclude Include="gui.h"><Filter>Header Files</Filter></ClInclude>
    <ClInclude Include="hit.h"><Filter>Header Files</Filter></ClInclude>
    <ClInclude Include="hud.h"><Filter>Header Files</Filter></ClInclude>
    <ClInclude Include="keystates.h"><Filter>Header Files</Filter></ClInclude>
    <ClInclude Include="selection.h"><Filter>Header Files</Filter></ClInclude>
    <ClInclude Include="sprite.h"><Filter>Header Files</Filter></ClInclude>
    <ClInclude Include="stats.h"><Filter>Header Files</Filter></ClInclude>
    <ClInclude Include="TextBlock.h"><Filter>Header Files</Filter></ClInclude>
    <ClInclude Include="TextWriter.h"><Filter>Header Files</Filter></ClInclude>
    <ClInclude Include="timer.h"><Filter>Header Files</Filter></ClInclude>
  </ItemGroup>
  <ItemGroup>
    <ResourceCompile Include="KaboomTyper.rc"><Filter>Resource Files</Filter></ResourceCompile>
  </ItemGroup>
  <ItemGroup>
    <Image Include="KaboomTyper.ico"><Filter>Resource Files</Filter></Image>
  </ItemGroup>
</Project>
